// !$*UTF8*$!
{
	archiveVersion = 1;
	classes = {
	};
	objectVersion = 46;
	objects = {

/* Begin PBXBuildFile section */
		EEABC80A1A83D84900D6B4FD /* astro.c in Sources */ = {isa = PBXBuildFile; fileRef = EEABC7EA1A83D84900D6B4FD /* astro.c */; };
		EEABC80B1A83D84900D6B4FD /* cnvfunc.c in Sources */ = {isa = PBXBuildFile; fileRef = EEABC7ED1A83D84900D6B4FD /* cnvfunc.c */; };
		EEABC80C1A83D84900D6B4FD /* coordinate.c in Sources */ = {isa = PBXBuildFile; fileRef = EEABC7F01A83D84900D6B4FD /* coordinate.c */; };
		EEABC80D1A83D84900D6B4FD /* date.c in Sources */ = {isa = PBXBuildFile; fileRef = EEABC7F21A83D84900D6B4FD /* date.c */; };
		EEABC80E1A83D84900D6B4FD /* eclipse.c in Sources */ = {isa = PBXBuildFile; fileRef = EEABC7F41A83D84900D6B4FD /* eclipse.c */; };
		EEABC80F1A83D84900D6B4FD /* elp2000.c in Sources */ = {isa = PBXBuildFile; fileRef = EEABC7F61A83D84900D6B4FD /* elp2000.c */; };
		EEABC8101A83D84900D6B4FD /* linear.c in Sources */ = {isa = PBXBuildFile; fileRef = EEABC7FC1A83D84900D6B4FD /* linear.c */; };
		EEABC8111A83D84900D6B4FD /* nutation.c in Sources */ = {isa = PBXBuildFile; fileRef = EEABC7FE1A83D84900D6B4FD /* nutation.c */; };
		EEABC8121A83D84900D6B4FD /* sideraltime.c in Sources */ = {isa = PBXBuildFile; fileRef = EEABC8001A83D84900D6B4FD /* sideraltime.c */; };
		EEABC8131A83D84900D6B4FD /* stars.c in Sources */ = {isa = PBXBuildFile; fileRef = EEABC8021A83D84900D6B4FD /* stars.c */; };
		EEABC8141A83D84900D6B4FD /* sundial.c in Sources */ = {isa = PBXBuildFile; fileRef = EEABC8041A83D84900D6B4FD /* sundial.c */; };
		EEABC8151A83D84900D6B4FD /* tstastro.c in Sources */ = {isa = PBXBuildFile; fileRef = EEABC8061A83D84900D6B4FD /* tstastro.c */; };
		EEABC8161A83D84900D6B4FD /* vsop87.c in Sources */ = {isa = PBXBuildFile; fileRef = EEABC8081A83D84900D6B4FD /* vsop87.c */; };
/* End PBXBuildFile section */

/* Begin PBXCopyFilesBuildPhase section */
		EEABC7DE1A83D81300D6B4FD /* CopyFiles */ = {
			isa = PBXCopyFilesBuildPhase;
			buildActionMask = 2147483647;
			dstPath = /usr/share/man/man1/;
			dstSubfolderSpec = 0;
			files = (
			);
			runOnlyForDeploymentPostprocessing = 1;
		};
/* End PBXCopyFilesBuildPhase section */

/* Begin PBXFileReference section */
		EEABC7E01A83D81300D6B4FD /* libastro */ = {isa = PBXFileReference; explicitFileType = "compiled.mach-o.executable"; includeInIndex = 0; path = libastro; sourceTree = BUILT_PRODUCTS_DIR; };
		EEABC7EA1A83D84900D6B4FD /* astro.c */ = {isa = PBXFileReference; fileEncoding = 4; lastKnownFileType = sourcecode.c.c; path = astro.c; sourceTree = SOURCE_ROOT; };
		EEABC7EB1A83D84900D6B4FD /* astro.h */ = {isa = PBXFileReference; fileEncoding = 4; lastKnownFileType = sourcecode.c.h; path = astro.h; sourceTree = SOURCE_ROOT; };
		EEABC7EC1A83D84900D6B4FD /* astrocst.h */ = {isa = PBXFileReference; fileEncoding = 4; lastKnownFileType = sourcecode.c.h; path = astrocst.h; sourceTree = SOURCE_ROOT; };
		EEABC7ED1A83D84900D6B4FD /* cnvfunc.c */ = {isa = PBXFileReference; fileEncoding = 4; lastKnownFileType = sourcecode.c.c; path = cnvfunc.c; sourceTree = SOURCE_ROOT; };
		EEABC7EE1A83D84900D6B4FD /* cnvfunc.h */ = {isa = PBXFileReference; fileEncoding = 4; lastKnownFileType = sourcecode.c.h; path = cnvfunc.h; sourceTree = SOURCE_ROOT; };
		EEABC7EF1A83D84900D6B4FD /* common.h */ = {isa = PBXFileReference; fileEncoding = 4; lastKnownFileType = sourcecode.c.h; path = common.h; sourceTree = SOURCE_ROOT; };
		EEABC7F01A83D84900D6B4FD /* coordinate.c */ = {isa = PBXFileReference; fileEncoding = 4; lastKnownFileType = sourcecode.c.c; path = coordinate.c; sourceTree = SOURCE_ROOT; };
		EEABC7F11A83D84900D6B4FD /* coordinate.h */ = {isa = PBXFileReference; fileEncoding = 4; lastKnownFileType = sourcecode.c.h; path = coordinate.h; sourceTree = SOURCE_ROOT; };
		EEABC7F21A83D84900D6B4FD /* date.c */ = {isa = PBXFileReference; fileEncoding = 4; lastKnownFileType = sourcecode.c.c; path = date.c; sourceTree = SOURCE_ROOT; };
		EEABC7F31A83D84900D6B4FD /* date.h */ = {isa = PBXFileReference; fileEncoding = 4; lastKnownFileType = sourcecode.c.h; path = date.h; sourceTree = SOURCE_ROOT; };
		EEABC7F41A83D84900D6B4FD /* eclipse.c */ = {isa = PBXFileReference; fileEncoding = 4; lastKnownFileType = sourcecode.c.c; path = eclipse.c; sourceTree = SOURCE_ROOT; };
		EEABC7F51A83D84900D6B4FD /* eclipse.h */ = {isa = PBXFileReference; fileEncoding = 4; lastKnownFileType = sourcecode.c.h; path = eclipse.h; sourceTree = SOURCE_ROOT; };
		EEABC7F61A83D84900D6B4FD /* elp2000.c */ = {isa = PBXFileReference; fileEncoding = 4; lastKnownFileType = sourcecode.c.c; path = elp2000.c; sourceTree = SOURCE_ROOT; };
		EEABC7F71A83D84900D6B4FD /* elp2000.h */ = {isa = PBXFileReference; fileEncoding = 4; lastKnownFileType = sourcecode.c.h; path = elp2000.h; sourceTree = SOURCE_ROOT; };
		EEABC7F81A83D84900D6B4FD /* fbool.h */ = {isa = PBXFileReference; fileEncoding = 4; lastKnownFileType = sourcecode.c.h; path = fbool.h; sourceTree = SOURCE_ROOT; };
		EEABC7FC1A83D84900D6B4FD /* linear.c */ = {isa = PBXFileReference; fileEncoding = 4; lastKnownFileType = sourcecode.c.c; path = linear.c; sourceTree = SOURCE_ROOT; };
		EEABC7FD1A83D84900D6B4FD /* linear.h */ = {isa = PBXFileReference; fileEncoding = 4; lastKnownFileType = sourcecode.c.h; path = linear.h; sourceTree = SOURCE_ROOT; };
		EEABC7FE1A83D84900D6B4FD /* nutation.c */ = {isa = PBXFileReference; fileEncoding = 4; lastKnownFileType = sourcecode.c.c; path = nutation.c; sourceTree = SOURCE_ROOT; };
		EEABC7FF1A83D84900D6B4FD /* nutation.h */ = {isa = PBXFileReference; fileEncoding = 4; lastKnownFileType = sourcecode.c.h; path = nutation.h; sourceTree = SOURCE_ROOT; };
		EEABC8001A83D84900D6B4FD /* sideraltime.c */ = {isa = PBXFileReference; fileEncoding = 4; lastKnownFileType = sourcecode.c.c; path = sideraltime.c; sourceTree = SOURCE_ROOT; };
		EEABC8011A83D84900D6B4FD /* sideraltime.h */ = {isa = PBXFileReference; fileEncoding = 4; lastKnownFileType = sourcecode.c.h; path = sideraltime.h; sourceTree = SOURCE_ROOT; };
		EEABC8021A83D84900D6B4FD /* stars.c */ = {isa = PBXFileReference; fileEncoding = 4; lastKnownFileType = sourcecode.c.c; path = stars.c; sourceTree = SOURCE_ROOT; };
		EEABC8031A83D84900D6B4FD /* stars.h */ = {isa = PBXFileReference; fileEncoding = 4; lastKnownFileType = sourcecode.c.h; path = stars.h; sourceTree = SOURCE_ROOT; };
		EEABC8041A83D84900D6B4FD /* sundial.c */ = {isa = PBXFileReference; fileEncoding = 4; lastKnownFileType = sourcecode.c.c; path = sundial.c; sourceTree = SOURCE_ROOT; };
		EEABC8051A83D84900D6B4FD /* sundial.h */ = {isa = PBXFileReference; fileEncoding = 4; lastKnownFileType = sourcecode.c.h; path = sundial.h; sourceTree = SOURCE_ROOT; };
		EEABC8061A83D84900D6B4FD /* tstastro.c */ = {isa = PBXFileReference; fileEncoding = 4; lastKnownFileType = sourcecode.c.c; path = tstastro.c; sourceTree = SOURCE_ROOT; };
		EEABC8071A83D84900D6B4FD /* tstastro.h */ = {isa = PBXFileReference; fileEncoding = 4; lastKnownFileType = sourcecode.c.h; path = tstastro.h; sourceTree = SOURCE_ROOT; };
		EEABC8081A83D84900D6B4FD /* vsop87.c */ = {isa = PBXFileReference; fileEncoding = 4; lastKnownFileType = sourcecode.c.c; path = vsop87.c; sourceTree = SOURCE_ROOT; };
		EEABC8091A83D84900D6B4FD /* vsop87.h */ = {isa = PBXFileReference; fileEncoding = 4; lastKnownFileType = sourcecode.c.h; path = vsop87.h; sourceTree = SOURCE_ROOT; };
/* End PBXFileReference section */

/* Begin PBXFrameworksBuildPhase section */
		EEABC7DD1A83D81300D6B4FD /* Frameworks */ = {
			isa = PBXFrameworksBuildPhase;
			buildActionMask = 2147483647;
			files = (
			);
			runOnlyForDeploymentPostprocessing = 0;
		};
/* End PBXFrameworksBuildPhase section */

/* Begin PBXGroup section */
		EEABC7D71A83D81300D6B4FD = {
			isa = PBXGroup;
			children = (
				EEABC7E21A83D81300D6B4FD /* libastro */,
				EEABC7E11A83D81300D6B4FD /* Products */,
			);
			sourceTree = "<group>";
		};
		EEABC7E11A83D81300D6B4FD /* Products */ = {
			isa = PBXGroup;
			children = (
				EEABC7E01A83D81300D6B4FD /* libastro */,
			);
			name = Products;
			sourceTree = "<group>";
		};
		EEABC7E21A83D81300D6B4FD /* libastro */ = {
			isa = PBXGroup;
			children = (
				EEABC7EA1A83D84900D6B4FD /* astro.c */,
				EEABC7EB1A83D84900D6B4FD /* astro.h */,
				EEABC7EC1A83D84900D6B4FD /* astrocst.h */,
				EEABC7ED1A83D84900D6B4FD /* cnvfunc.c */,
				EEABC7EE1A83D84900D6B4FD /* cnvfunc.h */,
				EEABC7EF1A83D84900D6B4FD /* common.h */,
				EEABC7F01A83D84900D6B4FD /* coordinate.c */,
				EEABC7F11A83D84900D6B4FD /* coordinate.h */,
				EEABC7F21A83D84900D6B4FD /* date.c */,
				EEABC7F31A83D84900D6B4FD /* date.h */,
				EEABC7F41A83D84900D6B4FD /* eclipse.c */,
				EEABC7F51A83D84900D6B4FD /* eclipse.h */,
				EEABC7F61A83D84900D6B4FD /* elp2000.c */,
				EEABC7F71A83D84900D6B4FD /* elp2000.h */,
				EEABC7F81A83D84900D6B4FD /* fbool.h */,
				EEABC7FC1A83D84900D6B4FD /* linear.c */,
				EEABC7FD1A83D84900D6B4FD /* linear.h */,
				EEABC7FE1A83D84900D6B4FD /* nutation.c */,
				EEABC7FF1A83D84900D6B4FD /* nutation.h */,
				EEABC8001A83D84900D6B4FD /* sideraltime.c */,
				EEABC8011A83D84900D6B4FD /* sideraltime.h */,
				EEABC8021A83D84900D6B4FD /* stars.c */,
				EEABC8031A83D84900D6B4FD /* stars.h */,
				EEABC8041A83D84900D6B4FD /* sundial.c */,
				EEABC8051A83D84900D6B4FD /* sundial.h */,
				EEABC8061A83D84900D6B4FD /* tstastro.c */,
				EEABC8071A83D84900D6B4FD /* tstastro.h */,
				EEABC8081A83D84900D6B4FD /* vsop87.c */,
				EEABC8091A83D84900D6B4FD /* vsop87.h */,
			);
			path = libastro;
			sourceTree = "<group>";
		};
/* End PBXGroup section */

/* Begin PBXNativeTarget section */
		EEABC7DF1A83D81300D6B4FD /* libastro */ = {
			isa = PBXNativeTarget;
			buildConfigurationList = EEABC7E71A83D81300D6B4FD /* Build configuration list for PBXNativeTarget "libastro" */;
			buildPhases = (
				EEABC7DC1A83D81300D6B4FD /* Sources */,
				EEABC7DD1A83D81300D6B4FD /* Frameworks */,
				EEABC7DE1A83D81300D6B4FD /* CopyFiles */,
			);
			buildRules = (
			);
			dependencies = (
			);
			name = libastro;
			productName = libastro;
			productReference = EEABC7E01A83D81300D6B4FD /* libastro */;
			productType = "com.apple.product-type.tool";
		};
/* End PBXNativeTarget section */

/* Begin PBXProject section */
		EEABC7D81A83D81300D6B4FD /* Project object */ = {
			isa = PBXProject;
			attributes = {
				LastUpgradeCheck = 0610;
				ORGANIZATIONNAME = "Corto Maltese";
				TargetAttributes = {
					EEABC7DF1A83D81300D6B4FD = {
						CreatedOnToolsVersion = 6.1.1;
					};
				};
			};
			buildConfigurationList = EEABC7DB1A83D81300D6B4FD /* Build configuration list for PBXProject "libastro" */;
			compatibilityVersion = "Xcode 3.2";
			developmentRegion = English;
			hasScannedForEncodings = 0;
			knownRegions = (
				en,
			);
			mainGroup = EEABC7D71A83D81300D6B4FD;
			productRefGroup = EEABC7E11A83D81300D6B4FD /* Products */;
			projectDirPath = "";
			projectRoot = "";
			targets = (
				EEABC7DF1A83D81300D6B4FD /* libastro */,
			);
		};
/* End PBXProject section */

/* Begin PBXSourcesBuildPhase section */
		EEABC7DC1A83D81300D6B4FD /* Sources */ = {
			isa = PBXSourcesBuildPhase;
			buildActionMask = 2147483647;
			files = (
				EEABC8101A83D84900D6B4FD /* linear.c in Sources */,
				EEABC80C1A83D84900D6B4FD /* coordinate.c in Sources */,
				EEABC80D1A83D84900D6B4FD /* date.c in Sources */,
				EEABC8151A83D84900D6B4FD /* tstastro.c in Sources */,
				EEABC8131A83D84900D6B4FD /* stars.c in Sources */,
				EEABC80A1A83D84900D6B4FD /* astro.c in Sources */,
				EEABC8161A83D84900D6B4FD /* vsop87.c in Sources */,
				EEABC80E1A83D84900D6B4FD /* eclipse.c in Sources */,
				EEABC8111A83D84900D6B4FD /* nutation.c in Sources */,
				EEABC80B1A83D84900D6B4FD /* cnvfunc.c in Sources */,
				EEABC8141A83D84900D6B4FD /* sundial.c in Sources */,
				EEABC8121A83D84900D6B4FD /* sideraltime.c in Sources */,
				EEABC80F1A83D84900D6B4FD /* elp2000.c in Sources */,
			);
			runOnlyForDeploymentPostprocessing = 0;
		};
/* End PBXSourcesBuildPhase section */

/* Begin XCBuildConfiguration section */
		EEABC7E51A83D81300D6B4FD /* Debug */ = {
			isa = XCBuildConfiguration;
			buildSettings = {
				ALWAYS_SEARCH_USER_PATHS = NO;
				CLANG_CXX_LANGUAGE_STANDARD = "gnu++0x";
				CLANG_CXX_LIBRARY = "libc++";
				CLANG_ENABLE_MODULES = YES;
				CLANG_ENABLE_OBJC_ARC = YES;
				CLANG_WARN_BOOL_CONVERSION = YES;
				CLANG_WARN_CONSTANT_CONVERSION = YES;
				CLANG_WARN_DIRECT_OBJC_ISA_USAGE = YES_ERROR;
				CLANG_WARN_EMPTY_BODY = YES;
				CLANG_WARN_ENUM_CONVERSION = YES;
				CLANG_WARN_INT_CONVERSION = YES;
				CLANG_WARN_OBJC_ROOT_CLASS = YES_ERROR;
				CLANG_WARN_UNREACHABLE_CODE = YES;
				CLANG_WARN__DUPLICATE_METHOD_MATCH = YES;
				COPY_PHASE_STRIP = NO;
				ENABLE_STRICT_OBJC_MSGSEND = YES;
				GCC_C_LANGUAGE_STANDARD = gnu99;
				GCC_DYNAMIC_NO_PIC = NO;
				GCC_OPTIMIZATION_LEVEL = 0;
				GCC_PREPROCESSOR_DEFINITIONS = (
					"DEBUG=1",
					"$(inherited)",
				);
				GCC_SYMBOLS_PRIVATE_EXTERN = NO;
				GCC_WARN_64_TO_32_BIT_CONVERSION = YES;
				GCC_WARN_ABOUT_RETURN_TYPE = YES_ERROR;
				GCC_WARN_UNDECLARED_SELECTOR = YES;
				GCC_WARN_UNINITIALIZED_AUTOS = YES_AGGRESSIVE;
				GCC_WARN_UNUSED_FUNCTION = YES;
				GCC_WARN_UNUSED_VARIABLE = YES;
				MACOSX_DEPLOYMENT_TARGET = 10.10;
				MTL_ENABLE_DEBUG_INFO = YES;
				ONLY_ACTIVE_ARCH = YES;
				SDKROOT = macosx;
			};
			name = Debug;
		};
		EEABC7E61A83D81300D6B4FD /* Release */ = {
			isa = XCBuildConfiguration;
			buildSettings = {
				ALWAYS_SEARCH_USER_PATHS = NO;
				CLANG_CXX_LANGUAGE_STANDARD = "gnu++0x";
				CLANG_CXX_LIBRARY = "libc++";
				CLANG_ENABLE_MODULES = YES;
				CLANG_ENABLE_OBJC_ARC = YES;
				CLANG_WARN_BOOL_CONVERSION = YES;
				CLANG_WARN_CONSTANT_CONVERSION = YES;
				CLANG_WARN_DIRECT_OBJC_ISA_USAGE = YES_ERROR;
				CLANG_WARN_EMPTY_BODY = YES;
				CLANG_WARN_ENUM_CONVERSION = YES;
				CLANG_WARN_INT_CONVERSION = YES;
				CLANG_WARN_OBJC_ROOT_CLASS = YES_ERROR;
				CLANG_WARN_UNREACHABLE_CODE = YES;
				CLANG_WARN__DUPLICATE_METHOD_MATCH = YES;
				COPY_PHASE_STRIP = YES;
				DEBUG_INFORMATION_FORMAT = "dwarf-with-dsym";
				ENABLE_NS_ASSERTIONS = NO;
				ENABLE_STRICT_OBJC_MSGSEND = YES;
				GCC_C_LANGUAGE_STANDARD = gnu99;
				GCC_WARN_64_TO_32_BIT_CONVERSION = YES;
				GCC_WARN_ABOUT_RETURN_TYPE = YES_ERROR;
				GCC_WARN_UNDECLARED_SELECTOR = YES;
				GCC_WARN_UNINITIALIZED_AUTOS = YES_AGGRESSIVE;
				GCC_WARN_UNUSED_FUNCTION = YES;
				GCC_WARN_UNUSED_VARIABLE = YES;
				MACOSX_DEPLOYMENT_TARGET = 10.10;
				MTL_ENABLE_DEBUG_INFO = NO;
				SDKROOT = macosx;
			};
			name = Release;
		};
		EEABC7E81A83D81300D6B4FD /* Debug */ = {
			isa = XCBuildConfiguration;
			buildSettings = {
				PRODUCT_NAME = "$(TARGET_NAME)";
			};
			name = Debug;
		};
		EEABC7E91A83D81300D6B4FD /* Release */ = {
			isa = XCBuildConfiguration;
			buildSettings = {
				PRODUCT_NAME = "$(TARGET_NAME)";
			};
			name = Release;
		};
/* End XCBuildConfiguration section */

/* Begin XCConfigurationList section */
		EEABC7DB1A83D81300D6B4FD /* Build configuration list for PBXProject "libastro" */ = {
			isa = XCConfigurationList;
			buildConfigurations = (
				EEABC7E51A83D81300D6B4FD /* Debug */,
				EEABC7E61A83D81300D6B4FD /* Release */,
			);
			defaultConfigurationIsVisible = 0;
			defaultConfigurationName = Release;
		};
		EEABC7E71A83D81300D6B4FD /* Build configuration list for PBXNativeTarget "libastro" */ = {
			isa = XCConfigurationList;
			buildConfigurations = (
				EEABC7E81A83D81300D6B4FD /* Debug */,
				EEABC7E91A83D81300D6B4FD /* Release */,
			);
			defaultConfigurationIsVisible = 0;
		};
/* End XCConfigurationList section */
	};
	rootObject = EEABC7D81A83D81300D6B4FD /* Project object */;
}
